
Microsoft Visual Studio Solution File, Format Version 12.00
# Visual Studio Version 16
VisualStudioVersion = 16.0.31402.337
MinimumVisualStudioVersion = 10.0.40219.1
Project("{FAE04EC0-301F-11D3-BF4B-00C04F79EFBC}") = "WillRobot", "WillRobot\WillRobot.csproj", "{B08CC283-C60C-4463-8478-1813881E3A78}"
EndProject
Global
	GlobalSection(SolutionConfigurationPlatforms) = preSolution
		Debug|Any CPU = Debug|Any CPU
		Release|Any CPU = Release|Any CPU
	EndGlobalSection
	GlobalSection(ProjectConfigurationPlatforms) = postSolution
		{B08CC283-C60C-4463-8478-1813881E3A78}.Debug|Any CPU.ActiveCfg = Debug|Any CPU
		{B08CC283-C60C-4463-8478-1813881E3A78}.Debug|Any CPU.Build.0 = Debug|Any CPU
		{B08CC283-C60C-4463-8478-1813881E3A78}.Release|Any CPU.ActiveCfg = Release|Any CPU
		{B08CC283-C60C-4463-8478-1813881E3A78}.Release|Any CPU.Build.0 = Release|Any CPU
	EndGlobalSection
	GlobalSection(SolutionProperties) = preSolution
		HideSolutionNode = FALSE
	EndGlobalSection
	GlobalSection(ExtensibilityGlobals) = postSolution
		SolutionGuid = {1679B896-2442-4E10-8C43-8BF8AE854659}
	EndGlobalSection
EndGlobal
